
Microsoft Visual Studio Solution File, Format Version 12.00
# Visual Studio 15
VisualStudioVersion = 15.0.27428.2027
MinimumVisualStudioVersion = 10.0.40219.1
Project("{FAE04EC0-301F-11D3-BF4B-00C04F79EFBC}") = "DMPlugin_DGJ", "DMPlugin_DGJ\DMPlugin_DGJ.csproj", "{70E4F3A0-99BA-454B-8BA4-4B501804B5E8}"
EndProject
Project("{FAE04EC0-301F-11D3-BF4B-00C04F79EFBC}") = "SongSearchModuleExample", "SongSearchModuleExample\SongSearchModuleExample.csproj", "{DC407142-7859-4FA9-B7F7-4329524F8E5F}"
EndProject
Global
	GlobalSection(SolutionConfigurationPlatforms) = preSolution
		Debug|Any CPU = Debug|Any CPU
		Release|Any CPU = Release|Any CPU
		混淆输出|Any CPU = 混淆输出|Any CPU
	EndGlobalSection
	GlobalSection(ProjectConfigurationPlatforms) = postSolution
		{70E4F3A0-99BA-454B-8BA4-4B501804B5E8}.Debug|Any CPU.ActiveCfg = Debug|Any CPU
		{70E4F3A0-99BA-454B-8BA4-4B501804B5E8}.Debug|Any CPU.Build.0 = Debug|Any CPU
		{70E4F3A0-99BA-454B-8BA4-4B501804B5E8}.Release|Any CPU.ActiveCfg = Release|Any CPU
		{70E4F3A0-99BA-454B-8BA4-4B501804B5E8}.Release|Any CPU.Build.0 = Release|Any CPU
		{70E4F3A0-99BA-454B-8BA4-4B501804B5E8}.混淆输出|Any CPU.ActiveCfg = 混淆输出|Any CPU
		{70E4F3A0-99BA-454B-8BA4-4B501804B5E8}.混淆输出|Any CPU.Build.0 = 混淆输出|Any CPU
		{DC407142-7859-4FA9-B7F7-4329524F8E5F}.Debug|Any CPU.ActiveCfg = Debug|Any CPU
		{DC407142-7859-4FA9-B7F7-4329524F8E5F}.Debug|Any CPU.Build.0 = Debug|Any CPU
		{DC407142-7859-4FA9-B7F7-4329524F8E5F}.Release|Any CPU.ActiveCfg = Release|Any CPU
		{DC407142-7859-4FA9-B7F7-4329524F8E5F}.Release|Any CPU.Build.0 = Release|Any CPU
		{DC407142-7859-4FA9-B7F7-4329524F8E5F}.混淆输出|Any CPU.ActiveCfg = Release|Any CPU
		{DC407142-7859-4FA9-B7F7-4329524F8E5F}.混淆输出|Any CPU.Build.0 = Release|Any CPU
	EndGlobalSection
	GlobalSection(SolutionProperties) = preSolution
		HideSolutionNode = FALSE
	EndGlobalSection
	GlobalSection(ExtensibilityGlobals) = postSolution
		SolutionGuid = {611F86D7-0AF2-46BB-9704-C807718EBC67}
	EndGlobalSection
EndGlobal
